
Microsoft Visual Studio Solution File, Format Version 12.00
# Visual Studio Version 17
VisualStudioVersion = 17.1.32319.34
MinimumVisualStudioVersion = 10.0.40219.1
Project("{FAE04EC0-301F-11D3-BF4B-00C04F79EFBC}") = "Rebrickable.Generator", "Rebrickable.Generator\Rebrickable.Generator.csproj", "{C3C832F9-CAEE-49BD-972E-D05F98D69DC6}"
EndProject
Project("{FAE04EC0-301F-11D3-BF4B-00C04F79EFBC}") = "Rebrickable.Api", "Rebrickable.Api\Rebrickable.Api.csproj", "{621E277B-A6D9-4A22-9EAF-B1DDCEBA568B}"
EndProject
Global
	GlobalSection(SolutionConfigurationPlatforms) = preSolution
		Debug|Any CPU = Debug|Any CPU
		Release|Any CPU = Release|Any CPU
	EndGlobalSection
	GlobalSection(ProjectConfigurationPlatforms) = postSolution
		{C3C832F9-CAEE-49BD-972E-D05F98D69DC6}.Debug|Any CPU.ActiveCfg = Debug|Any CPU
		{C3C832F9-CAEE-49BD-972E-D05F98D69DC6}.Debug|Any CPU.Build.0 = Debug|Any CPU
		{C3C832F9-CAEE-49BD-972E-D05F98D69DC6}.Release|Any CPU.ActiveCfg = Release|Any CPU
		{C3C832F9-CAEE-49BD-972E-D05F98D69DC6}.Release|Any CPU.Build.0 = Release|Any CPU
		{621E277B-A6D9-4A22-9EAF-B1DDCEBA568B}.Debug|Any CPU.ActiveCfg = Debug|Any CPU
		{621E277B-A6D9-4A22-9EAF-B1DDCEBA568B}.Debug|Any CPU.Build.0 = Debug|Any CPU
		{621E277B-A6D9-4A22-9EAF-B1DDCEBA568B}.Release|Any CPU.ActiveCfg = Release|Any CPU
		{621E277B-A6D9-4A22-9EAF-B1DDCEBA568B}.Release|Any CPU.Build.0 = Release|Any CPU
	EndGlobalSection
	GlobalSection(SolutionProperties) = preSolution
		HideSolutionNode = FALSE
	EndGlobalSection
	GlobalSection(ExtensibilityGlobals) = postSolution
		SolutionGuid = {EEB33CB8-DF60-4091-ABEA-874639074923}
	EndGlobalSection
EndGlobal
